
Microsoft Visual Studio Solution File, Format Version 12.00
# Visual Studio Version 17
VisualStudioVersion = 17.0.31903.59
MinimumVisualStudioVersion = 10.0.40219.1
Project("{9A19103F-16F7-4668-BE54-9A1E7A4F7556}") = "SFA.DAS.FindEmploymentSchemes.Contentful", "SFA.DAS.FindEmploymentSchemes.Contentful\SFA.DAS.FindEmploymentSchemes.Contentful.csproj", "{C4B58A51-D670-4A36-88FF-EDBFAB4B6DE8}"
EndProject
Project("{9A19103F-16F7-4668-BE54-9A1E7A4F7556}") = "SFA.DAS.FindEmploymentSchemes.Contentful.ContentCodeGenerator", "SFA.DAS.FindEmploymentSchemes.Contentful.ContentCodeGenerator\SFA.DAS.FindEmploymentSchemes.Contentful.ContentCodeGenerator.csproj", "{8E21D31C-7AAC-4E4C-9623-C3D9B00B882D}"
EndProject
Project("{9A19103F-16F7-4668-BE54-9A1E7A4F7556}") = "SFA.DAS.FindEmploymentSchemes.Web", "SFA.DAS.FindEmploymentSchemes.Web\SFA.DAS.FindEmploymentSchemes.Web.csproj", "{A4A11EA0-A8EA-42F9-8493-616378AABD47}"
EndProject
Project("{9A19103F-16F7-4668-BE54-9A1E7A4F7556}") = "SFA.DAS.FindEmploymentSchemes.UnitTests", "SFA.DAS.FindEmploymentSchemes.UnitTests\SFA.DAS.FindEmploymentSchemes.UnitTests.csproj", "{73469777-579D-4D13-9A52-06A904D0AA6D}"
EndProject
Project("{2150E333-8FDC-42A3-9474-1A3956D46DE8}") = "Tests", "Tests", "{B3BC46C3-F828-4A01-8C02-28DF3E6F28B5}"
EndProject
Project("{2150E333-8FDC-42A3-9474-1A3956D46DE8}") = "Solution Items", "Solution Items", "{F4FD8A33-4644-42E1-B66E-3F28026BD57B}"
	ProjectSection(SolutionItems) = preProject
		..\.gitignore = ..\.gitignore
		..\contentful\contentful-export-082i50qdtar9-master.json = ..\contentful\contentful-export-082i50qdtar9-master.json
	EndProjectSection
EndProject
Project("{2150E333-8FDC-42A3-9474-1A3956D46DE8}") = "Documentation", "Documentation", "{9F482D72-99C6-4A16-8847-05992F8DC9D1}"
	ProjectSection(SolutionItems) = preProject
		..\docs\Find Employer Schemes Architecture.drawio = ..\docs\Find Employer Schemes Architecture.drawio
		..\docs\Find Employer Schemes Architecture.drawio.png = ..\docs\Find Employer Schemes Architecture.drawio.png
		..\README.md = ..\README.md
		..\docs\UserGuide.md = ..\docs\UserGuide.md
	EndProjectSection
EndProject
Global
	GlobalSection(SolutionConfigurationPlatforms) = preSolution
		Debug|Any CPU = Debug|Any CPU
		Release|Any CPU = Release|Any CPU
	EndGlobalSection
	GlobalSection(ProjectConfigurationPlatforms) = postSolution
		{C4B58A51-D670-4A36-88FF-EDBFAB4B6DE8}.Debug|Any CPU.ActiveCfg = Debug|Any CPU
		{C4B58A51-D670-4A36-88FF-EDBFAB4B6DE8}.Debug|Any CPU.Build.0 = Debug|Any CPU
		{C4B58A51-D670-4A36-88FF-EDBFAB4B6DE8}.Release|Any CPU.ActiveCfg = Release|Any CPU
		{C4B58A51-D670-4A36-88FF-EDBFAB4B6DE8}.Release|Any CPU.Build.0 = Release|Any CPU
		{8E21D31C-7AAC-4E4C-9623-C3D9B00B882D}.Debug|Any CPU.ActiveCfg = Debug|Any CPU
		{8E21D31C-7AAC-4E4C-9623-C3D9B00B882D}.Debug|Any CPU.Build.0 = Debug|Any CPU
		{8E21D31C-7AAC-4E4C-9623-C3D9B00B882D}.Release|Any CPU.ActiveCfg = Release|Any CPU
		{8E21D31C-7AAC-4E4C-9623-C3D9B00B882D}.Release|Any CPU.Build.0 = Release|Any CPU
		{A4A11EA0-A8EA-42F9-8493-616378AABD47}.Debug|Any CPU.ActiveCfg = Debug|Any CPU
		{A4A11EA0-A8EA-42F9-8493-616378AABD47}.Debug|Any CPU.Build.0 = Debug|Any CPU
		{A4A11EA0-A8EA-42F9-8493-616378AABD47}.Release|Any CPU.ActiveCfg = Release|Any CPU
		{A4A11EA0-A8EA-42F9-8493-616378AABD47}.Release|Any CPU.Build.0 = Release|Any CPU
		{73469777-579D-4D13-9A52-06A904D0AA6D}.Debug|Any CPU.ActiveCfg = Debug|Any CPU
		{73469777-579D-4D13-9A52-06A904D0AA6D}.Debug|Any CPU.Build.0 = Debug|Any CPU
		{73469777-579D-4D13-9A52-06A904D0AA6D}.Release|Any CPU.ActiveCfg = Release|Any CPU
		{73469777-579D-4D13-9A52-06A904D0AA6D}.Release|Any CPU.Build.0 = Release|Any CPU
	EndGlobalSection
	GlobalSection(SolutionProperties) = preSolution
		HideSolutionNode = FALSE
	EndGlobalSection
	GlobalSection(NestedProjects) = preSolution
		{73469777-579D-4D13-9A52-06A904D0AA6D} = {B3BC46C3-F828-4A01-8C02-28DF3E6F28B5}
	EndGlobalSection
	GlobalSection(ExtensibilityGlobals) = postSolution
		SolutionGuid = {ADCFEDB9-9CDB-491E-9AD6-FDC4BB218294}
	EndGlobalSection
EndGlobal
